
Microsoft Visual Studio Solution File, Format Version 12.00
# Visual Studio Version 17
VisualStudioVersion = 17.0.31903.59
MinimumVisualStudioVersion = 10.0.40219.1
Project("{2150E333-8FDC-42A3-9474-1A3956D46DE8}") = "src", "src", "{827E0CD3-B72D-47B6-A68D-7590B98EB39B}"
EndProject
Project("{FAE04EC0-301F-11D3-BF4B-00C04F79EFBC}") = "ToDoList.WebApi", "src\ToDoList.WebApi\ToDoList.WebApi.csproj", "{20E6DEDB-65F9-4B92-947C-680F1A7F4CAE}"
EndProject
Project("{FAE04EC0-301F-11D3-BF4B-00C04F79EFBC}") = "ToDoList.Domain", "src\ToDoList.Domain\ToDoList.Domain.csproj", "{3DEED8EB-B48D-4BE6-9430-2BDB7DE0A77B}"
EndProject
Project("{2150E333-8FDC-42A3-9474-1A3956D46DE8}") = "tests", "tests", "{0AB3BF05-4346-4AA6-1389-037BE0695223}"
EndProject
Project("{FAE04EC0-301F-11D3-BF4B-00C04F79EFBC}") = "ToDoList.Test", "tests\ToDoList.Test\ToDoList.Test.csproj", "{816E55D6-464E-473D-A71A-B37B8A86BC51}"
EndProject
Global
	GlobalSection(SolutionConfigurationPlatforms) = preSolution
		Debug|Any CPU = Debug|Any CPU
		Debug|x64 = Debug|x64
		Debug|x86 = Debug|x86
		Release|Any CPU = Release|Any CPU
		Release|x64 = Release|x64
		Release|x86 = Release|x86
	EndGlobalSection
	GlobalSection(ProjectConfigurationPlatforms) = postSolution
		{20E6DEDB-65F9-4B92-947C-680F1A7F4CAE}.Debug|Any CPU.ActiveCfg = Debug|Any CPU
		{20E6DEDB-65F9-4B92-947C-680F1A7F4CAE}.Debug|Any CPU.Build.0 = Debug|Any CPU
		{20E6DEDB-65F9-4B92-947C-680F1A7F4CAE}.Debug|x64.ActiveCfg = Debug|Any CPU
		{20E6DEDB-65F9-4B92-947C-680F1A7F4CAE}.Debug|x64.Build.0 = Debug|Any CPU
		{20E6DEDB-65F9-4B92-947C-680F1A7F4CAE}.Debug|x86.ActiveCfg = Debug|Any CPU
		{20E6DEDB-65F9-4B92-947C-680F1A7F4CAE}.Debug|x86.Build.0 = Debug|Any CPU
		{20E6DEDB-65F9-4B92-947C-680F1A7F4CAE}.Release|Any CPU.ActiveCfg = Release|Any CPU
		{20E6DEDB-65F9-4B92-947C-680F1A7F4CAE}.Release|Any CPU.Build.0 = Release|Any CPU
		{20E6DEDB-65F9-4B92-947C-680F1A7F4CAE}.Release|x64.ActiveCfg = Release|Any CPU
		{20E6DEDB-65F9-4B92-947C-680F1A7F4CAE}.Release|x64.Build.0 = Release|Any CPU
		{20E6DEDB-65F9-4B92-947C-680F1A7F4CAE}.Release|x86.ActiveCfg = Release|Any CPU
		{20E6DEDB-65F9-4B92-947C-680F1A7F4CAE}.Release|x86.Build.0 = Release|Any CPU
		{3DEED8EB-B48D-4BE6-9430-2BDB7DE0A77B}.Debug|Any CPU.ActiveCfg = Debug|Any CPU
		{3DEED8EB-B48D-4BE6-9430-2BDB7DE0A77B}.Debug|Any CPU.Build.0 = Debug|Any CPU
		{3DEED8EB-B48D-4BE6-9430-2BDB7DE0A77B}.Debug|x64.ActiveCfg = Debug|Any CPU
		{3DEED8EB-B48D-4BE6-9430-2BDB7DE0A77B}.Debug|x64.Build.0 = Debug|Any CPU
		{3DEED8EB-B48D-4BE6-9430-2BDB7DE0A77B}.Debug|x86.ActiveCfg = Debug|Any CPU
		{3DEED8EB-B48D-4BE6-9430-2BDB7DE0A77B}.Debug|x86.Build.0 = Debug|Any CPU
		{3DEED8EB-B48D-4BE6-9430-2BDB7DE0A77B}.Release|Any CPU.ActiveCfg = Release|Any CPU
		{3DEED8EB-B48D-4BE6-9430-2BDB7DE0A77B}.Release|Any CPU.Build.0 = Release|Any CPU
		{3DEED8EB-B48D-4BE6-9430-2BDB7DE0A77B}.Release|x64.ActiveCfg = Release|Any CPU
		{3DEED8EB-B48D-4BE6-9430-2BDB7DE0A77B}.Release|x64.Build.0 = Release|Any CPU
		{3DEED8EB-B48D-4BE6-9430-2BDB7DE0A77B}.Release|x86.ActiveCfg = Release|Any CPU
		{3DEED8EB-B48D-4BE6-9430-2BDB7DE0A77B}.Release|x86.Build.0 = Release|Any CPU
		{816E55D6-464E-473D-A71A-B37B8A86BC51}.Debug|Any CPU.ActiveCfg = Debug|Any CPU
		{816E55D6-464E-473D-A71A-B37B8A86BC51}.Debug|Any CPU.Build.0 = Debug|Any CPU
		{816E55D6-464E-473D-A71A-B37B8A86BC51}.Debug|x64.ActiveCfg = Debug|Any CPU
		{816E55D6-464E-473D-A71A-B37B8A86BC51}.Debug|x64.Build.0 = Debug|Any CPU
		{816E55D6-464E-473D-A71A-B37B8A86BC51}.Debug|x86.ActiveCfg = Debug|Any CPU
		{816E55D6-464E-473D-A71A-B37B8A86BC51}.Debug|x86.Build.0 = Debug|Any CPU
		{816E55D6-464E-473D-A71A-B37B8A86BC51}.Release|Any CPU.ActiveCfg = Release|Any CPU
		{816E55D6-464E-473D-A71A-B37B8A86BC51}.Release|Any CPU.Build.0 = Release|Any CPU
		{816E55D6-464E-473D-A71A-B37B8A86BC51}.Release|x64.ActiveCfg = Release|Any CPU
		{816E55D6-464E-473D-A71A-B37B8A86BC51}.Release|x64.Build.0 = Release|Any CPU
		{816E55D6-464E-473D-A71A-B37B8A86BC51}.Release|x86.ActiveCfg = Release|Any CPU
		{816E55D6-464E-473D-A71A-B37B8A86BC51}.Release|x86.Build.0 = Release|Any CPU
	EndGlobalSection
	GlobalSection(SolutionProperties) = preSolution
		HideSolutionNode = FALSE
	EndGlobalSection
	GlobalSection(NestedProjects) = preSolution
		{20E6DEDB-65F9-4B92-947C-680F1A7F4CAE} = {827E0CD3-B72D-47B6-A68D-7590B98EB39B}
		{3DEED8EB-B48D-4BE6-9430-2BDB7DE0A77B} = {827E0CD3-B72D-47B6-A68D-7590B98EB39B}
		{816E55D6-464E-473D-A71A-B37B8A86BC51} = {0AB3BF05-4346-4AA6-1389-037BE0695223}
	EndGlobalSection
EndGlobal
